// !$*UTF8*$!
{
	archiveVersion = 1;
	classes = {
	};
	objectVersion = 48;
	objects = {

/* Begin PBXBuildFile section */
		B53406A8212BC5BF00501825 /* AppDelegate.swift in Sources */ = {isa = PBXBuildFile; fileRef = B53406A7212BC5BF00501825 /* AppDelegate.swift */; };
		B53406AA212BC5BF00501825 /* ViewController.swift in Sources */ = {isa = PBXBuildFile; fileRef = B53406A9212BC5BF00501825 /* ViewController.swift */; };
		B53406AD212BC5BF00501825 /* Main.storyboard in Resources */ = {isa = PBXBuildFile; fileRef = B53406AB212BC5BF00501825 /* Main.storyboard */; };
		B53406AF212BC5BF00501825 /* Assets.xcassets in Resources */ = {isa = PBXBuildFile; fileRef = B53406AE212BC5BF00501825 /* Assets.xcassets */; };
		B53406B2212BC5BF00501825 /* LaunchScreen.storyboard in Resources */ = {isa = PBXBuildFile; fileRef = B53406B0212BC5BF00501825 /* LaunchScreen.storyboard */; };
		B53406CC212D294800501825 /* ZYSecondViewController.swift in Sources */ = {isa = PBXBuildFile; fileRef = B53406CA212D294800501825 /* ZYSecondViewController.swift */; };
		B53406CD212D294800501825 /* ZYSecondViewController.xib in Resources */ = {isa = PBXBuildFile; fileRef = B53406CB212D294800501825 /* ZYSecondViewController.xib */; };
		B53406D1212D3F7300501825 /* ZYPresentDismissCircleAnimat.swift in Sources */ = {isa = PBXBuildFile; fileRef = B53406D0212D3F7300501825 /* ZYPresentDismissCircleAnimat.swift */; };
		B57C4C74213008B3006BC0AE /* ZYPresentAsPushAnimat.swift in Sources */ = {isa = PBXBuildFile; fileRef = B57C4C73213008B3006BC0AE /* ZYPresentAsPushAnimat.swift */; };
		B57C4C76213008D2006BC0AE /* ZYDismissAsPopAnimat.swift in Sources */ = {isa = PBXBuildFile; fileRef = B57C4C75213008D2006BC0AE /* ZYDismissAsPopAnimat.swift */; };
		B5C79CF72133F0DC000B6D0F /* UIViewController+ZYExtension.swift in Sources */ = {isa = PBXBuildFile; fileRef = B5C79CF62133F0DC000B6D0F /* UIViewController+ZYExtension.swift */; };
/* End PBXBuildFile section */

/* Begin PBXFileReference section */
		B53406A4212BC5BF00501825 /* ZYCustomTransitionAnimat.app */ = {isa = PBXFileReference; explicitFileType = wrapper.application; includeInIndex = 0; path = ZYCustomTransitionAnimat.app; sourceTree = BUILT_PRODUCTS_DIR; };
		B53406A7212BC5BF00501825 /* AppDelegate.swift */ = {isa = PBXFileReference; lastKnownFileType = sourcecode.swift; path = AppDelegate.swift; sourceTree = "<group>"; };
		B53406A9212BC5BF00501825 /* ViewController.swift */ = {isa = PBXFileReference; lastKnownFileType = sourcecode.swift; path = ViewController.swift; sourceTree = "<group>"; };
		B53406AC212BC5BF00501825 /* Base */ = {isa = PBXFileReference; lastKnownFileType = file.storyboard; name = Base; path = Base.lproj/Main.storyboard; sourceTree = "<group>"; };
		B53406AE212BC5BF00501825 /* Assets.xcassets */ = {isa = PBXFileReference; lastKnownFileType = folder.assetcatalog; path = Assets.xcassets; sourceTree = "<group>"; };
		B53406B1212BC5BF00501825 /* Base */ = {isa = PBXFileReference; lastKnownFileType = file.storyboard; name = Base; path = Base.lproj/LaunchScreen.storyboard; sourceTree = "<group>"; };
		B53406B3212BC5BF00501825 /* Info.plist */ = {isa = PBXFileReference; lastKnownFileType = text.plist.xml; path = Info.plist; sourceTree = "<group>"; };
		B53406CA212D294800501825 /* ZYSecondViewController.swift */ = {isa = PBXFileReference; lastKnownFileType = sourcecode.swift; path = ZYSecondViewController.swift; sourceTree = "<group>"; };
		B53406CB212D294800501825 /* ZYSecondViewController.xib */ = {isa = PBXFileReference; lastKnownFileType = file.xib; path = ZYSecondViewController.xib; sourceTree = "<group>"; };
		B53406D0212D3F7300501825 /* ZYPresentDismissCircleAnimat.swift */ = {isa = PBXFileReference; lastKnownFileType = sourcecode.swift; path = ZYPresentDismissCircleAnimat.swift; sourceTree = "<group>"; };
		B57C4C73213008B3006BC0AE /* ZYPresentAsPushAnimat.swift */ = {isa = PBXFileReference; lastKnownFileType = sourcecode.swift; path = ZYPresentAsPushAnimat.swift; sourceTree = "<group>"; };
		B57C4C75213008D2006BC0AE /* ZYDismissAsPopAnimat.swift */ = {isa = PBXFileReference; lastKnownFileType = sourcecode.swift; path = ZYDismissAsPopAnimat.swift; sourceTree = "<group>"; };
		B5C79CF62133F0DC000B6D0F /* UIViewController+ZYExtension.swift */ = {isa = PBXFileReference; fileEncoding = 4; lastKnownFileType = sourcecode.swift; path = "UIViewController+ZYExtension.swift"; sourceTree = "<group>"; };
/* End PBXFileReference section */

/* Begin PBXFrameworksBuildPhase section */
		B53406A1212BC5BF00501825 /* Frameworks */ = {
			isa = PBXFrameworksBuildPhase;
			buildActionMask = 2147483647;
			files = (
			);
			runOnlyForDeploymentPostprocessing = 0;
		};
/* End PBXFrameworksBuildPhase section */

/* Begin PBXGroup section */
		B534069B212BC5BF00501825 = {
			isa = PBXGroup;
			children = (
				B53406A6212BC5BF00501825 /* ZYCustomTransitionAnimat */,
				B53406A5212BC5BF00501825 /* Products */,
			);
			sourceTree = "<group>";
		};
		B53406A5212BC5BF00501825 /* Products */ = {
			isa = PBXGroup;
			children = (
				B53406A4212BC5BF00501825 /* ZYCustomTransitionAnimat.app */,
			);
			name = Products;
			sourceTree = "<group>";
		};
		B53406A6212BC5BF00501825 /* ZYCustomTransitionAnimat */ = {
			isa = PBXGroup;
			children = (
				B53406C5212CF9FD00501825 /* Animats */,
				B53406A7212BC5BF00501825 /* AppDelegate.swift */,
				B53406A9212BC5BF00501825 /* ViewController.swift */,
				B53406CA212D294800501825 /* ZYSecondViewController.swift */,
				B53406CB212D294800501825 /* ZYSecondViewController.xib */,
				B53406AB212BC5BF00501825 /* Main.storyboard */,
				B53406AE212BC5BF00501825 /* Assets.xcassets */,
				B53406B0212BC5BF00501825 /* LaunchScreen.storyboard */,
				B53406B3212BC5BF00501825 /* Info.plist */,
			);
			path = ZYCustomTransitionAnimat;
			sourceTree = "<group>";
		};
		B53406C5212CF9FD00501825 /* Animats */ = {
			isa = PBXGroup;
			children = (
				B53406D0212D3F7300501825 /* ZYPresentDismissCircleAnimat.swift */,
				B57C4C73213008B3006BC0AE /* ZYPresentAsPushAnimat.swift */,
				B57C4C75213008D2006BC0AE /* ZYDismissAsPopAnimat.swift */,
				B5C79CF62133F0DC000B6D0F /* UIViewController+ZYExtension.swift */,
			);
			path = Animats;
			sourceTree = "<group>";
		};
/* End PBXGroup section */

/* Begin PBXNativeTarget section */
		B53406A3212BC5BF00501825 /* ZYCustomTransitionAnimat */ = {
			isa = PBXNativeTarget;
			buildConfigurationList = B53406B6212BC5BF00501825 /* Build configuration list for PBXNativeTarget "ZYCustomTransitionAnimat" */;
			buildPhases = (
				B53406A0212BC5BF00501825 /* Sources */,
				B53406A1212BC5BF00501825 /* Frameworks */,
				B53406A2212BC5BF00501825 /* Resources */,
			);
			buildRules = (
			);
			dependencies = (
			);
			name = ZYCustomTransitionAnimat;
			productName = ZYCustomTransitionAnimat;
			productReference = B53406A4212BC5BF00501825 /* ZYCustomTransitionAnimat.app */;
			productType = "com.apple.product-type.application";
		};
/* End PBXNativeTarget section */

/* Begin PBXProject section */
		B534069C212BC5BF00501825 /* Project object */ = {
			isa = PBXProject;
			attributes = {
				LastSwiftUpdateCheck = 0910;
				LastUpgradeCheck = 0910;
				ORGANIZATIONNAME = "yu zhou";
				TargetAttributes = {
					B53406A3212BC5BF00501825 = {
						CreatedOnToolsVersion = 9.1;
						ProvisioningStyle = Automatic;
					};
				};
			};
			buildConfigurationList = B534069F212BC5BF00501825 /* Build configuration list for PBXProject "ZYCustomTransitionAnimat" */;
			compatibilityVersion = "Xcode 8.0";
			developmentRegion = en;
			hasScannedForEncodings = 0;
			knownRegions = (
				en,
				Base,
			);
			mainGroup = B534069B212BC5BF00501825;
			productRefGroup = B53406A5212BC5BF00501825 /* Products */;
			projectDirPath = "";
			projectRoot = "";
			targets = (
				B53406A3212BC5BF00501825 /* ZYCustomTransitionAnimat */,
			);
		};
/* End PBXProject section */

/* Begin PBXResourcesBuildPhase section */
		B53406A2212BC5BF00501825 /* Resources */ = {
			isa = PBXResourcesBuildPhase;
			buildActionMask = 2147483647;
			files = (
				B53406B2212BC5BF00501825 /* LaunchScreen.storyboard in Resources */,
				B53406CD212D294800501825 /* ZYSecondViewController.xib in Resources */,
				B53406AF212BC5BF00501825 /* Assets.xcassets in Resources */,
				B53406AD212BC5BF00501825 /* Main.storyboard in Resources */,
			);
			runOnlyForDeploymentPostprocessing = 0;
		};
/* End PBXResourcesBuildPhase section */

/* Begin PBXSourcesBuildPhase section */
		B53406A0212BC5BF00501825 /* Sources */ = {
			isa = PBXSourcesBuildPhase;
			buildActionMask = 2147483647;
			files = (
				B53406D1212D3F7300501825 /* ZYPresentDismissCircleAnimat.swift in Sources */,
				B57C4C76213008D2006BC0AE /* ZYDismissAsPopAnimat.swift in Sources */,
				B53406CC212D294800501825 /* ZYSecondViewController.swift in Sources */,
				B57C4C74213008B3006BC0AE /* ZYPresentAsPushAnimat.swift in Sources */,
				B53406AA212BC5BF00501825 /* ViewController.swift in Sources */,
				B5C79CF72133F0DC000B6D0F /* UIViewController+ZYExtension.swift in Sources */,
				B53406A8212BC5BF00501825 /* AppDelegate.swift in Sources */,
			);
			runOnlyForDeploymentPostprocessing = 0;
		};
/* End PBXSourcesBuildPhase section */

/* Begin PBXVariantGroup section */
		B53406AB212BC5BF00501825 /* Main.storyboard */ = {
			isa = PBXVariantGroup;
			children = (
				B53406AC212BC5BF00501825 /* Base */,
			);
			name = Main.storyboard;
			sourceTree = "<group>";
		};
		B53406B0212BC5BF00501825 /* LaunchScreen.storyboard */ = {
			isa = PBXVariantGroup;
			children = (
				B53406B1212BC5BF00501825 /* Base */,
			);
			name = LaunchScreen.storyboard;
			sourceTree = "<group>";
		};
/* End PBXVariantGroup section */

/* Begin XCBuildConfiguration section */
		B53406B4212BC5BF00501825 /* Debug */ = {
			isa = XCBuildConfiguration;
			buildSettings = {
				ALWAYS_SEARCH_USER_PATHS = NO;
				CLANG_ANALYZER_NONNULL = YES;
				CLANG_ANALYZER_NUMBER_OBJECT_CONVERSION = YES_AGGRESSIVE;
				CLANG_CXX_LANGUAGE_STANDARD = "gnu++14";
				CLANG_CXX_LIBRARY = "libc++";
				CLANG_ENABLE_MODULES = YES;
				CLANG_ENABLE_OBJC_ARC = YES;
				CLANG_WARN_BLOCK_CAPTURE_AUTORELEASING = YES;
				CLANG_WARN_BOOL_CONVERSION = YES;
				CLANG_WARN_COMMA = YES;
				CLANG_WARN_CONSTANT_CONVERSION = YES;
				CLANG_WARN_DIRECT_OBJC_ISA_USAGE = YES_ERROR;
				CLANG_WARN_DOCUMENTATION_COMMENTS = YES;
				CLANG_WARN_EMPTY_BODY = YES;
				CLANG_WARN_ENUM_CONVERSION = YES;
				CLANG_WARN_INFINITE_RECURSION = YES;
				CLANG_WARN_INT_CONVERSION = YES;
				CLANG_WARN_NON_LITERAL_NULL_CONVERSION = YES;
				CLANG_WARN_OBJC_LITERAL_CONVERSION = YES;
				CLANG_WARN_OBJC_ROOT_CLASS = YES_ERROR;
				CLANG_WARN_RANGE_LOOP_ANALYSIS = YES;
				CLANG_WARN_STRICT_PROTOTYPES = YES;
				CLANG_WARN_SUSPICIOUS_MOVE = YES;
				CLANG_WARN_UNGUARDED_AVAILABILITY = YES_AGGRESSIVE;
				CLANG_WARN_UNREACHABLE_CODE = YES;
				CLANG_WARN__DUPLICATE_METHOD_MATCH = YES;
				CODE_SIGN_IDENTITY = "iPhone Developer";
				COPY_PHASE_STRIP = NO;
				DEBUG_INFORMATION_FORMAT = dwarf;
				ENABLE_STRICT_OBJC_MSGSEND = YES;
				ENABLE_TESTABILITY = YES;
				GCC_C_LANGUAGE_STANDARD = gnu11;
				GCC_DYNAMIC_NO_PIC = NO;
				GCC_NO_COMMON_BLOCKS = YES;
				GCC_OPTIMIZATION_LEVEL = 0;
				GCC_PREPROCESSOR_DEFINITIONS = (
					"DEBUG=1",
					"$(inherited)",
				);
				GCC_WARN_64_TO_32_BIT_CONVERSION = YES;
				GCC_WARN_ABOUT_RETURN_TYPE = YES_ERROR;
				GCC_WARN_UNDECLARED_SELECTOR = YES;
				GCC_WARN_UNINITIALIZED_AUTOS = YES_AGGRESSIVE;
				GCC_WARN_UNUSED_FUNCTION = YES;
				GCC_WARN_UNUSED_VARIABLE = YES;
				IPHONEOS_DEPLOYMENT_TARGET = 11.1;
				MTL_ENABLE_DEBUG_INFO = YES;
				ONLY_ACTIVE_ARCH = YES;
				SDKROOT = iphoneos;
				SWIFT_ACTIVE_COMPILATION_CONDITIONS = DEBUG;
				SWIFT_OPTIMIZATION_LEVEL = "-Onone";
			};
			name = Debug;
		};
		B53406B5212BC5BF00501825 /* Release */ = {
			isa = XCBuildConfiguration;
			buildSettings = {
				ALWAYS_SEARCH_USER_PATHS = NO;
				CLANG_ANALYZER_NONNULL = YES;
				CLANG_ANALYZER_NUMBER_OBJECT_CONVERSION = YES_AGGRESSIVE;
				CLANG_CXX_LANGUAGE_STANDARD = "gnu++14";
				CLANG_CXX_LIBRARY = "libc++";
				CLANG_ENABLE_MODULES = YES;
				CLANG_ENABLE_OBJC_ARC = YES;
				CLANG_WARN_BLOCK_CAPTURE_AUTORELEASING = YES;
				CLANG_WARN_BOOL_CONVERSION = YES;
				CLANG_WARN_COMMA = YES;
				CLANG_WARN_CONSTANT_CONVERSION = YES;
				CLANG_WARN_DIRECT_OBJC_ISA_USAGE = YES_ERROR;
				CLANG_WARN_DOCUMENTATION_COMMENTS = YES;
				CLANG_WARN_EMPTY_BODY = YES;
				CLANG_WARN_ENUM_CONVERSION = YES;
				CLANG_WARN_INFINITE_RECURSION = YES;
				CLANG_WARN_INT_CONVERSION = YES;
				CLANG_WARN_NON_LITERAL_NULL_CONVERSION = YES;
				CLANG_WARN_OBJC_LITERAL_CONVERSION = YES;
				CLANG_WARN_OBJC_ROOT_CLASS = YES_ERROR;
				CLANG_WARN_RANGE_LOOP_ANALYSIS = YES;
				CLANG_WARN_STRICT_PROTOTYPES = YES;
				CLANG_WARN_SUSPICIOUS_MOVE = YES;
				CLANG_WARN_UNGUARDED_AVAILABILITY = YES_AGGRESSIVE;
				CLANG_WARN_UNREACHABLE_CODE = YES;
				CLANG_WARN__DUPLICATE_METHOD_MATCH = YES;
				CODE_SIGN_IDENTITY = "iPhone Developer";
				COPY_PHASE_STRIP = NO;
				DEBUG_INFORMATION_FORMAT = "dwarf-with-dsym";
				ENABLE_NS_ASSERTIONS = NO;
				ENABLE_STRICT_OBJC_MSGSEND = YES;
				GCC_C_LANGUAGE_STANDARD = gnu11;
				GCC_NO_COMMON_BLOCKS = YES;
				GCC_WARN_64_TO_32_BIT_CONVERSION = YES;
				GCC_WARN_ABOUT_RETURN_TYPE = YES_ERROR;
				GCC_WARN_UNDECLARED_SELECTOR = YES;
				GCC_WARN_UNINITIALIZED_AUTOS = YES_AGGRESSIVE;
				GCC_WARN_UNUSED_FUNCTION = YES;
				GCC_WARN_UNUSED_VARIABLE = YES;
				IPHONEOS_DEPLOYMENT_TARGET = 11.1;
				MTL_ENABLE_DEBUG_INFO = NO;
				SDKROOT = iphoneos;
				SWIFT_OPTIMIZATION_LEVEL = "-Owholemodule";
				VALIDATE_PRODUCT = YES;
			};
			name = Release;
		};
		B53406B7212BC5BF00501825 /* Debug */ = {
			isa = XCBuildConfiguration;
			buildSettings = {
				ASSETCATALOG_COMPILER_APPICON_NAME = AppIcon;
				CODE_SIGN_STYLE = Automatic;
				DEVELOPMENT_TEAM = 784Z62Q47H;
				INFOPLIST_FILE = ZYCustomTransitionAnimat/Info.plist;
				IPHONEOS_DEPLOYMENT_TARGET = 9.0;
				LD_RUNPATH_SEARCH_PATHS = "$(inherited) @executable_path/Frameworks";
				PRODUCT_BUNDLE_IDENTIFIER = zy.ZYCustomTransitionAnimat;
				PRODUCT_NAME = "$(TARGET_NAME)";
				SWIFT_VERSION = 4.0;
				TARGETED_DEVICE_FAMILY = "1,2";
			};
			name = Debug;
		};
		B53406B8212BC5BF00501825 /* Release */ = {
			isa = XCBuildConfiguration;
			buildSettings = {
				ASSETCATALOG_COMPILER_APPICON_NAME = AppIcon;
				CODE_SIGN_STYLE = Automatic;
				DEVELOPMENT_TEAM = 784Z62Q47H;
				INFOPLIST_FILE = ZYCustomTransitionAnimat/Info.plist;
				IPHONEOS_DEPLOYMENT_TARGET = 9.0;
				LD_RUNPATH_SEARCH_PATHS = "$(inherited) @executable_path/Frameworks";
				PRODUCT_BUNDLE_IDENTIFIER = zy.ZYCustomTransitionAnimat;
				PRODUCT_NAME = "$(TARGET_NAME)";
				SWIFT_VERSION = 4.0;
				TARGETED_DEVICE_FAMILY = "1,2";
			};
			name = Release;
		};
/* End XCBuildConfiguration section */

/* Begin XCConfigurationList section */
		B534069F212BC5BF00501825 /* Build configuration list for PBXProject "ZYCustomTransitionAnimat" */ = {
			isa = XCConfigurationList;
			buildConfigurations = (
				B53406B4212BC5BF00501825 /* Debug */,
				B53406B5212BC5BF00501825 /* Release */,
			);
			defaultConfigurationIsVisible = 0;
			defaultConfigurationName = Release;
		};
		B53406B6212BC5BF00501825 /* Build configuration list for PBXNativeTarget "ZYCustomTransitionAnimat" */ = {
			isa = XCConfigurationList;
			buildConfigurations = (
				B53406B7212BC5BF00501825 /* Debug */,
				B53406B8212BC5BF00501825 /* Release */,
			);
			defaultConfigurationIsVisible = 0;
			defaultConfigurationName = Release;
		};
/* End XCConfigurationList section */
	};
	rootObject = B534069C212BC5BF00501825 /* Project object */;
}
